// !$*UTF8*$!
{
	archiveVersion = 1;
	classes = {
	};
	objectVersion = 54;
	objects = {

/* Begin PBXBuildFile section */
		38BD213422D5907F00C6795D /* AppDelegate.swift in Sources */ = {isa = PBXBuildFile; fileRef = 38BD213322D5907F00C6795D /* AppDelegate.swift */; };
		38BD213622D5907F00C6795D /* ViewController.swift in Sources */ = {isa = PBXBuildFile; fileRef = 38BD213522D5907F00C6795D /* ViewController.swift */; };
		38BD213E22D5908100C6795D /* Assets.xcassets in Resources */ = {isa = PBXBuildFile; fileRef = 38BD213D22D5908100C6795D /* Assets.xcassets */; };
		38BD214122D5908100C6795D /* LaunchScreen.storyboard in Resources */ = {isa = PBXBuildFile; fileRef = 38BD213F22D5908100C6795D /* LaunchScreen.storyboard */; };
		C7443DE9294D42450009F1B2 /* AppScreen.storyboard in Resources */ = {isa = PBXBuildFile; fileRef = C7443DE8294D3F710009F1B2 /* AppScreen.storyboard */; };
		C747130F2956778B00C54784 /* JS.json in Resources */ = {isa = PBXBuildFile; fileRef = C747130E29541AE700C54784 /* JS.json */; };
		C7471311295910D500C54784 /* CommandKey.swift in Sources */ = {isa = PBXBuildFile; fileRef = C7471310295910D500C54784 /* CommandKey.swift */; };
		C7471313295917E600C54784 /* NumberKey.swift in Sources */ = {isa = PBXBuildFile; fileRef = C7471312295917E600C54784 /* NumberKey.swift */; };
		C75FBB7E295BBD7B00B2E35C /* C++.json in Resources */ = {isa = PBXBuildFile; fileRef = C75FBB7D295BB27B00B2E35C /* C++.json */; };
		C75FBB7F295E48F300B2E35C /* CommandVariables.swift in Sources */ = {isa = PBXBuildFile; fileRef = C7989489295159AE0019324F /* CommandVariables.swift */; };
		C75FBB80295E494C00B2E35C /* LoadData.swift in Sources */ = {isa = PBXBuildFile; fileRef = D190B24D2741B61000705659 /* LoadData.swift */; };
		C75FBB83295E523D00B2E35C /* Py.json in Resources */ = {isa = PBXBuildFile; fileRef = C75FBB81295E51E800B2E35C /* Py.json */; };
		C75FBB84295E523D00B2E35C /* Java.json in Resources */ = {isa = PBXBuildFile; fileRef = C75FBB82295E51F500B2E35C /* Java.json */; };
		C798947529514E560019324F /* KeyboardViewController.swift in Sources */ = {isa = PBXBuildFile; fileRef = C798947429514E560019324F /* KeyboardViewController.swift */; };
		C798947929514E560019324F /* MainKeyBoard.appex in Embed Foundation Extensions */ = {isa = PBXBuildFile; fileRef = C798947229514E560019324F /* MainKeyBoard.appex */; settings = {ATTRIBUTES = (RemoveHeadersOnCopy, ); }; };
		C798947D2951585F0019324F /* LoadData.swift in Sources */ = {isa = PBXBuildFile; fileRef = D190B24D2741B61000705659 /* LoadData.swift */; };
		C798947E295158620019324F /* KeyboardKeys.swift in Sources */ = {isa = PBXBuildFile; fileRef = D171942E27AEDE110038660B /* KeyboardKeys.swift */; };
		C7989480295158660019324F /* KeyboardStyling.swift in Sources */ = {isa = PBXBuildFile; fileRef = D171943727AEF0560038660B /* KeyboardStyling.swift */; };
		C79894822951586A0019324F /* InterfaceVariables.swift in Sources */ = {isa = PBXBuildFile; fileRef = D190B2492741B31F00705659 /* InterfaceVariables.swift */; };
		C79894832951586B0019324F /* Extensions.swift in Sources */ = {isa = PBXBuildFile; fileRef = 38DD94F022D6A40000FF8845 /* Extensions.swift */; };
		C7989484295158D50019324F /* ColorVariables.swift in Sources */ = {isa = PBXBuildFile; fileRef = D190B240274056D400705659 /* ColorVariables.swift */; };
		C7989485295158D50019324F /* ScribeColor.swift in Sources */ = {isa = PBXBuildFile; fileRef = CE1378C228F5D7AC00E1CBC2 /* ScribeColor.swift */; };
		C7989486295158D50019324F /* UIColor+ScribeColors.swift in Sources */ = {isa = PBXBuildFile; fileRef = CE1378C328F5D7AC00E1CBC2 /* UIColor+ScribeColors.swift */; };
		C7989488295159020019324F /* SwiftyJSON in Frameworks */ = {isa = PBXBuildFile; productRef = C7989487295159020019324F /* SwiftyJSON */; };
		C798948A295159AE0019324F /* CommandVariables.swift in Sources */ = {isa = PBXBuildFile; fileRef = C7989489295159AE0019324F /* CommandVariables.swift */; };
		C798948B295159CB0019324F /* Keyboard.xib in Resources */ = {isa = PBXBuildFile; fileRef = D1C0ACD92719E0AA001E11C3 /* Keyboard.xib */; };
		C798948C295159DD0019324F /* Assets.xcassets in Resources */ = {isa = PBXBuildFile; fileRef = 38BD213D22D5908100C6795D /* Assets.xcassets */; };
		CE1378C428F5D7AC00E1CBC2 /* ScribeColor.swift in Sources */ = {isa = PBXBuildFile; fileRef = CE1378C228F5D7AC00E1CBC2 /* ScribeColor.swift */; };
		CE1378CC28F5D7AC00E1CBC2 /* UIColor+ScribeColors.swift in Sources */ = {isa = PBXBuildFile; fileRef = CE1378C328F5D7AC00E1CBC2 /* UIColor+ScribeColors.swift */; };
		D1362A39274C106A00C00E48 /* ColorVariables.swift in Sources */ = {isa = PBXBuildFile; fileRef = D190B240274056D400705659 /* ColorVariables.swift */; };
		D17193C027AEA33A0038660B /* AppTextStyling.swift in Sources */ = {isa = PBXBuildFile; fileRef = D17193BF27AEA33A0038660B /* AppTextStyling.swift */; };
		D17193C427AEAD7D0038660B /* AppStyling.swift in Sources */ = {isa = PBXBuildFile; fileRef = D17193C327AEAD7D0038660B /* AppStyling.swift */; };
		D1A2DCB127AD37BD0057A10D /* ENAppText.swift in Sources */ = {isa = PBXBuildFile; fileRef = D1A2DCB027AD37BD0057A10D /* ENAppText.swift */; };
		D1A2DCB427AD3EB50057A10D /* AppUISymbols.swift in Sources */ = {isa = PBXBuildFile; fileRef = D1A2DCB327AD3EB50057A10D /* AppUISymbols.swift */; };
		D1A3EEFE28F8DF1B00896C65 /* SwiftyJSON in Frameworks */ = {isa = PBXBuildFile; productRef = D1A3EEFD28F8DF1B00896C65 /* SwiftyJSON */; };
/* End PBXBuildFile section */

/* Begin PBXContainerItemProxy section */
		C798947729514E560019324F /* PBXContainerItemProxy */ = {
			isa = PBXContainerItemProxy;
			containerPortal = 38BD212822D5907E00C6795D /* Project object */;
			proxyType = 1;
			remoteGlobalIDString = C798947129514E560019324F;
			remoteInfo = MainKeyBoard;
		};
/* End PBXContainerItemProxy section */

/* Begin PBXCopyFilesBuildPhase section */
		38BD215722D592CA00C6795D /* Embed Foundation Extensions */ = {
			isa = PBXCopyFilesBuildPhase;
			buildActionMask = 2147483647;
			dstPath = "";
			dstSubfolderSpec = 13;
			files = (
				C798947929514E560019324F /* MainKeyBoard.appex in Embed Foundation Extensions */,
			);
			name = "Embed Foundation Extensions";
			runOnlyForDeploymentPostprocessing = 0;
		};
/* End PBXCopyFilesBuildPhase section */

/* Begin PBXFileReference section */
		38BD213022D5907E00C6795D /* Key-Board.app */ = {isa = PBXFileReference; explicitFileType = wrapper.application; includeInIndex = 0; path = "Key-Board.app"; sourceTree = BUILT_PRODUCTS_DIR; };
		38BD213322D5907F00C6795D /* AppDelegate.swift */ = {isa = PBXFileReference; lastKnownFileType = sourcecode.swift; path = AppDelegate.swift; sourceTree = "<group>"; };
		38BD213522D5907F00C6795D /* ViewController.swift */ = {isa = PBXFileReference; lastKnownFileType = sourcecode.swift; path = ViewController.swift; sourceTree = "<group>"; };
		38BD213D22D5908100C6795D /* Assets.xcassets */ = {isa = PBXFileReference; lastKnownFileType = folder.assetcatalog; path = Assets.xcassets; sourceTree = "<group>"; };
		38BD214022D5908100C6795D /* Base */ = {isa = PBXFileReference; lastKnownFileType = file.storyboard; name = Base; path = Base.lproj/LaunchScreen.storyboard; sourceTree = "<group>"; };
		38BD214222D5908100C6795D /* Info.plist */ = {isa = PBXFileReference; lastKnownFileType = text.plist.xml; path = Info.plist; sourceTree = "<group>"; };
		38DD94F022D6A40000FF8845 /* Extensions.swift */ = {isa = PBXFileReference; lastKnownFileType = sourcecode.swift; path = Extensions.swift; sourceTree = "<group>"; };
		C7443DE8294D3F710009F1B2 /* AppScreen.storyboard */ = {isa = PBXFileReference; lastKnownFileType = file.storyboard; path = AppScreen.storyboard; sourceTree = "<group>"; };
		C747130E29541AE700C54784 /* JS.json */ = {isa = PBXFileReference; lastKnownFileType = text.json; path = JS.json; sourceTree = "<group>"; };
		C7471310295910D500C54784 /* CommandKey.swift */ = {isa = PBXFileReference; lastKnownFileType = sourcecode.swift; path = CommandKey.swift; sourceTree = "<group>"; };
		C7471312295917E600C54784 /* NumberKey.swift */ = {isa = PBXFileReference; lastKnownFileType = sourcecode.swift; path = NumberKey.swift; sourceTree = "<group>"; };
		C75FBB7D295BB27B00B2E35C /* C++.json */ = {isa = PBXFileReference; lastKnownFileType = text.json; path = "C++.json"; sourceTree = "<group>"; };
		C75FBB81295E51E800B2E35C /* Py.json */ = {isa = PBXFileReference; lastKnownFileType = text.json; path = Py.json; sourceTree = "<group>"; };
		C75FBB82295E51F500B2E35C /* Java.json */ = {isa = PBXFileReference; lastKnownFileType = text.json; path = Java.json; sourceTree = "<group>"; };
		C75FBB89295E548E00B2E35C /* Key-Board.entitlements */ = {isa = PBXFileReference; lastKnownFileType = text.plist.entitlements; path = "Key-Board.entitlements"; sourceTree = "<group>"; };
		C798947229514E560019324F /* MainKeyBoard.appex */ = {isa = PBXFileReference; explicitFileType = "wrapper.app-extension"; includeInIndex = 0; path = MainKeyBoard.appex; sourceTree = BUILT_PRODUCTS_DIR; };
		C798947429514E560019324F /* KeyboardViewController.swift */ = {isa = PBXFileReference; lastKnownFileType = sourcecode.swift; path = KeyboardViewController.swift; sourceTree = "<group>"; };
		C798947629514E560019324F /* Info.plist */ = {isa = PBXFileReference; lastKnownFileType = text.plist.xml; path = Info.plist; sourceTree = "<group>"; };
		C7989489295159AE0019324F /* CommandVariables.swift */ = {isa = PBXFileReference; fileEncoding = 4; lastKnownFileType = sourcecode.swift; path = CommandVariables.swift; sourceTree = "<group>"; };
		CE1378C228F5D7AC00E1CBC2 /* ScribeColor.swift */ = {isa = PBXFileReference; fileEncoding = 4; lastKnownFileType = sourcecode.swift; path = ScribeColor.swift; sourceTree = "<group>"; };
		CE1378C328F5D7AC00E1CBC2 /* UIColor+ScribeColors.swift */ = {isa = PBXFileReference; fileEncoding = 4; lastKnownFileType = sourcecode.swift; path = "UIColor+ScribeColors.swift"; sourceTree = "<group>"; };
		D1362A37274C040F00C00E48 /* PRIVACY.txt */ = {isa = PBXFileReference; lastKnownFileType = text; path = PRIVACY.txt; sourceTree = "<group>"; };
		D17193BF27AEA33A0038660B /* AppTextStyling.swift */ = {isa = PBXFileReference; lastKnownFileType = sourcecode.swift; path = AppTextStyling.swift; sourceTree = "<group>"; };
		D17193C327AEAD7D0038660B /* AppStyling.swift */ = {isa = PBXFileReference; lastKnownFileType = sourcecode.swift; path = AppStyling.swift; sourceTree = "<group>"; };
		D171942E27AEDE110038660B /* KeyboardKeys.swift */ = {isa = PBXFileReference; lastKnownFileType = sourcecode.swift; path = KeyboardKeys.swift; sourceTree = "<group>"; };
		D171943727AEF0560038660B /* KeyboardStyling.swift */ = {isa = PBXFileReference; lastKnownFileType = sourcecode.swift; path = KeyboardStyling.swift; sourceTree = "<group>"; };
		D174F8A22756893200DCE106 /* CHANGELOG.md */ = {isa = PBXFileReference; lastKnownFileType = net.daringfireball.markdown; path = CHANGELOG.md; sourceTree = "<group>"; };
		D190B240274056D400705659 /* ColorVariables.swift */ = {isa = PBXFileReference; lastKnownFileType = sourcecode.swift; path = ColorVariables.swift; sourceTree = "<group>"; };
		D190B2492741B31F00705659 /* InterfaceVariables.swift */ = {isa = PBXFileReference; lastKnownFileType = sourcecode.swift; path = InterfaceVariables.swift; sourceTree = "<group>"; };
		D190B24D2741B61000705659 /* LoadData.swift */ = {isa = PBXFileReference; lastKnownFileType = sourcecode.swift; path = LoadData.swift; sourceTree = "<group>"; };
		D190B28F27426F4900705659 /* LICENSE.txt */ = {isa = PBXFileReference; lastKnownFileType = text; path = LICENSE.txt; sourceTree = SOURCE_ROOT; };
		D190B29027426F4900705659 /* README.md */ = {isa = PBXFileReference; lastKnownFileType = net.daringfireball.markdown; path = README.md; sourceTree = SOURCE_ROOT; };
		D1A2DCB027AD37BD0057A10D /* ENAppText.swift */ = {isa = PBXFileReference; lastKnownFileType = sourcecode.swift; path = ENAppText.swift; sourceTree = "<group>"; };
		D1A2DCB327AD3EB50057A10D /* AppUISymbols.swift */ = {isa = PBXFileReference; lastKnownFileType = sourcecode.swift; path = AppUISymbols.swift; sourceTree = "<group>"; };
		D1C0ACD92719E0AA001E11C3 /* Keyboard.xib */ = {isa = PBXFileReference; fileEncoding = 4; lastKnownFileType = file.xib; path = Keyboard.xib; sourceTree = "<group>"; };
/* End PBXFileReference section */

/* Begin PBXFrameworksBuildPhase section */
		38BD212D22D5907E00C6795D /* Frameworks */ = {
			isa = PBXFrameworksBuildPhase;
			buildActionMask = 2147483647;
			files = (
				D1A3EEFE28F8DF1B00896C65 /* SwiftyJSON in Frameworks */,
			);
			runOnlyForDeploymentPostprocessing = 0;
		};
		C798946F29514E560019324F /* Frameworks */ = {
			isa = PBXFrameworksBuildPhase;
			buildActionMask = 2147483647;
			files = (
				C7989488295159020019324F /* SwiftyJSON in Frameworks */,
			);
			runOnlyForDeploymentPostprocessing = 0;
		};
/* End PBXFrameworksBuildPhase section */

/* Begin PBXGroup section */
		38BD212722D5907E00C6795D = {
			isa = PBXGroup;
			children = (
				38BD213222D5907F00C6795D /* Key-Board */,
				D190B28F27426F4900705659 /* LICENSE.txt */,
				D190B29027426F4900705659 /* README.md */,
				D174F8A22756893200DCE106 /* CHANGELOG.md */,
				D1362A37274C040F00C00E48 /* PRIVACY.txt */,
				C798947329514E560019324F /* MainKeyBoard */,
				38BD213122D5907E00C6795D /* Products */,
				D1A3EEED28F8D3EA00896C65 /* Frameworks */,
			);
			indentWidth = 2;
			sourceTree = "<group>";
			tabWidth = 2;
		};
		38BD213122D5907E00C6795D /* Products */ = {
			isa = PBXGroup;
			children = (
				38BD213022D5907E00C6795D /* Key-Board.app */,
				C798947229514E560019324F /* MainKeyBoard.appex */,
			);
			name = Products;
			sourceTree = "<group>";
		};
		38BD213222D5907F00C6795D /* Key-Board */ = {
			isa = PBXGroup;
			children = (
				C75FBB89295E548E00B2E35C /* Key-Board.entitlements */,
				D1A2DCAF27AD378F0057A10D /* AppTexts */,
				38BD213322D5907F00C6795D /* AppDelegate.swift */,
				D17193C327AEAD7D0038660B /* AppStyling.swift */,
				D1A2DCB327AD3EB50057A10D /* AppUISymbols.swift */,
				38BD213522D5907F00C6795D /* ViewController.swift */,
				C7443DE8294D3F710009F1B2 /* AppScreen.storyboard */,
				38BD213F22D5908100C6795D /* LaunchScreen.storyboard */,
				38BD213D22D5908100C6795D /* Assets.xcassets */,
				38BD214222D5908100C6795D /* Info.plist */,
			);
			path = "Key-Board";
			sourceTree = "<group>";
		};
		C747130D29541AC900C54784 /* Data */ = {
			isa = PBXGroup;
			children = (
				C75FBB7D295BB27B00B2E35C /* C++.json */,
				C75FBB81295E51E800B2E35C /* Py.json */,
				C75FBB82295E51F500B2E35C /* Java.json */,
				C747130E29541AE700C54784 /* JS.json */,
			);
			path = Data;
			sourceTree = "<group>";
		};
		C798947329514E560019324F /* MainKeyBoard */ = {
			isa = PBXGroup;
			children = (
				C747130D29541AC900C54784 /* Data */,
				CE1378C128F5D7AC00E1CBC2 /* Colors */,
				C7989489295159AE0019324F /* CommandVariables.swift */,
				38DD94F022D6A40000FF8845 /* Extensions.swift */,
				D190B2492741B31F00705659 /* InterfaceVariables.swift */,
				D171943727AEF0560038660B /* KeyboardStyling.swift */,
				D171942E27AEDE110038660B /* KeyboardKeys.swift */,
				C7471310295910D500C54784 /* CommandKey.swift */,
				C7471312295917E600C54784 /* NumberKey.swift */,
				D1C0ACD92719E0AA001E11C3 /* Keyboard.xib */,
				C798947429514E560019324F /* KeyboardViewController.swift */,
				D190B24D2741B61000705659 /* LoadData.swift */,
				C798947629514E560019324F /* Info.plist */,
			);
			path = MainKeyBoard;
			sourceTree = "<group>";
		};
		CE1378C128F5D7AC00E1CBC2 /* Colors */ = {
			isa = PBXGroup;
			children = (
				D190B240274056D400705659 /* ColorVariables.swift */,
				CE1378C228F5D7AC00E1CBC2 /* ScribeColor.swift */,
				CE1378C328F5D7AC00E1CBC2 /* UIColor+ScribeColors.swift */,
			);
			path = Colors;
			sourceTree = "<group>";
		};
		D1A2DCAF27AD378F0057A10D /* AppTexts */ = {
			isa = PBXGroup;
			children = (
				D1A2DCB227AD37D90057A10D /* English */,
				D17193BF27AEA33A0038660B /* AppTextStyling.swift */,
			);
			path = AppTexts;
			sourceTree = "<group>";
		};
		D1A2DCB227AD37D90057A10D /* English */ = {
			isa = PBXGroup;
			children = (
				D1A2DCB027AD37BD0057A10D /* ENAppText.swift */,
			);
			path = English;
			sourceTree = "<group>";
		};
		D1A3EEED28F8D3EA00896C65 /* Frameworks */ = {
			isa = PBXGroup;
			children = (
			);
			name = Frameworks;
			sourceTree = "<group>";
		};
/* End PBXGroup section */

/* Begin PBXNativeTarget section */
		38BD212F22D5907E00C6795D /* Key-Board */ = {
			isa = PBXNativeTarget;
			buildConfigurationList = 38BD214522D5908100C6795D /* Build configuration list for PBXNativeTarget "Key-Board" */;
			buildPhases = (
				D103B184273C356E00B97121 /* ShellScript */,
				38BD212C22D5907E00C6795D /* Sources */,
				38BD212D22D5907E00C6795D /* Frameworks */,
				38BD212E22D5907E00C6795D /* Resources */,
				38BD215722D592CA00C6795D /* Embed Foundation Extensions */,
			);
			buildRules = (
			);
			dependencies = (
				C798947829514E560019324F /* PBXTargetDependency */,
			);
			name = "Key-Board";
			packageProductDependencies = (
				D1A3EEFD28F8DF1B00896C65 /* SwiftyJSON */,
			);
			productName = EmojiKeyboard;
			productReference = 38BD213022D5907E00C6795D /* Key-Board.app */;
			productType = "com.apple.product-type.application";
		};
		C798947129514E560019324F /* MainKeyBoard */ = {
			isa = PBXNativeTarget;
			buildConfigurationList = C798947A29514E560019324F /* Build configuration list for PBXNativeTarget "MainKeyBoard" */;
			buildPhases = (
				C798946E29514E560019324F /* Sources */,
				C798946F29514E560019324F /* Frameworks */,
				C798947029514E560019324F /* Resources */,
			);
			buildRules = (
			);
			dependencies = (
			);
			name = MainKeyBoard;
			packageProductDependencies = (
				C7989487295159020019324F /* SwiftyJSON */,
			);
			productName = MainKeyBoard;
			productReference = C798947229514E560019324F /* MainKeyBoard.appex */;
			productType = "com.apple.product-type.app-extension";
		};
/* End PBXNativeTarget section */

/* Begin PBXProject section */
		38BD212822D5907E00C6795D /* Project object */ = {
			isa = PBXProject;
			attributes = {
				LastSwiftUpdateCheck = 1420;
				LastUpgradeCheck = 1400;
				ORGANIZATIONNAME = "";
				TargetAttributes = {
					38BD212F22D5907E00C6795D = {
						CreatedOnToolsVersion = 10.2.1;
					};
					C798947129514E560019324F = {
						CreatedOnToolsVersion = 14.2;
					};
				};
			};
			buildConfigurationList = 38BD212B22D5907E00C6795D /* Build configuration list for PBXProject "Key-Board" */;
			compatibilityVersion = "Xcode 9.3";
			developmentRegion = en;
			hasScannedForEncodings = 0;
			knownRegions = (
				en,
				Base,
			);
			mainGroup = 38BD212722D5907E00C6795D;
			packageReferences = (
				D1542E8128F8D0A4006DA41F /* XCRemoteSwiftPackageReference "SwiftyJSON" */,
			);
			productRefGroup = 38BD213122D5907E00C6795D /* Products */;
			projectDirPath = "";
			projectRoot = "";
			targets = (
				38BD212F22D5907E00C6795D /* Key-Board */,
				C798947129514E560019324F /* MainKeyBoard */,
			);
		};
/* End PBXProject section */

/* Begin PBXResourcesBuildPhase section */
		38BD212E22D5907E00C6795D /* Resources */ = {
			isa = PBXResourcesBuildPhase;
			buildActionMask = 2147483647;
			files = (
				C7443DE9294D42450009F1B2 /* AppScreen.storyboard in Resources */,
				38BD214122D5908100C6795D /* LaunchScreen.storyboard in Resources */,
				38BD213E22D5908100C6795D /* Assets.xcassets in Resources */,
			);
			runOnlyForDeploymentPostprocessing = 0;
		};
		C798947029514E560019324F /* Resources */ = {
			isa = PBXResourcesBuildPhase;
			buildActionMask = 2147483647;
			files = (
				C75FBB83295E523D00B2E35C /* Py.json in Resources */,
				C75FBB84295E523D00B2E35C /* Java.json in Resources */,
				C75FBB7E295BBD7B00B2E35C /* C++.json in Resources */,
				C747130F2956778B00C54784 /* JS.json in Resources */,
				C798948C295159DD0019324F /* Assets.xcassets in Resources */,
				C798948B295159CB0019324F /* Keyboard.xib in Resources */,
			);
			runOnlyForDeploymentPostprocessing = 0;
		};
/* End PBXResourcesBuildPhase section */

/* Begin PBXShellScriptBuildPhase section */
		D103B184273C356E00B97121 /* ShellScript */ = {
			isa = PBXShellScriptBuildPhase;
			alwaysOutOfDate = 1;
			buildActionMask = 2147483647;
			files = (
			);
			inputFileListPaths = (
			);
			inputPaths = (
			);
			outputFileListPaths = (
			);
			outputPaths = (
			);
			runOnlyForDeploymentPostprocessing = 0;
			shellPath = /bin/sh;
			shellScript = "PATH=/opt/homebrew/bin:$PATH\nif [ -f ~/com.raywenderlich.swiftlint.yml ]; then\n  if which swiftlint >/dev/null; then\n    swiftlint --no-cache --config ~/com.raywenderlich.swiftlint.yml\n  fi\nfi\n\necho 'km - Env var start...'\nexport\necho 'km - Env var end...'\n";
		};
/* End PBXShellScriptBuildPhase section */

/* Begin PBXSourcesBuildPhase section */
		38BD212C22D5907E00C6795D /* Sources */ = {
			isa = PBXSourcesBuildPhase;
			buildActionMask = 2147483647;
			files = (
				C75FBB80295E494C00B2E35C /* LoadData.swift in Sources */,
				C75FBB7F295E48F300B2E35C /* CommandVariables.swift in Sources */,
				D17193C027AEA33A0038660B /* AppTextStyling.swift in Sources */,
				CE1378C428F5D7AC00E1CBC2 /* ScribeColor.swift in Sources */,
				38BD213622D5907F00C6795D /* ViewController.swift in Sources */,
				D1A2DCB427AD3EB50057A10D /* AppUISymbols.swift in Sources */,
				CE1378CC28F5D7AC00E1CBC2 /* UIColor+ScribeColors.swift in Sources */,
				38BD213422D5907F00C6795D /* AppDelegate.swift in Sources */,
				D17193C427AEAD7D0038660B /* AppStyling.swift in Sources */,
				D1362A39274C106A00C00E48 /* ColorVariables.swift in Sources */,
				D1A2DCB127AD37BD0057A10D /* ENAppText.swift in Sources */,
			);
			runOnlyForDeploymentPostprocessing = 0;
		};
		C798946E29514E560019324F /* Sources */ = {
			isa = PBXSourcesBuildPhase;
			buildActionMask = 2147483647;
			files = (
				C7989484295158D50019324F /* ColorVariables.swift in Sources */,
				C7989485295158D50019324F /* ScribeColor.swift in Sources */,
				C7989486295158D50019324F /* UIColor+ScribeColors.swift in Sources */,
				C798947529514E560019324F /* KeyboardViewController.swift in Sources */,
				C7989480295158660019324F /* KeyboardStyling.swift in Sources */,
				C798947D2951585F0019324F /* LoadData.swift in Sources */,
				C79894832951586B0019324F /* Extensions.swift in Sources */,
				C7471311295910D500C54784 /* CommandKey.swift in Sources */,
				C79894822951586A0019324F /* InterfaceVariables.swift in Sources */,
				C798948A295159AE0019324F /* CommandVariables.swift in Sources */,
				C798947E295158620019324F /* KeyboardKeys.swift in Sources */,
				C7471313295917E600C54784 /* NumberKey.swift in Sources */,
			);
			runOnlyForDeploymentPostprocessing = 0;
		};
/* End PBXSourcesBuildPhase section */

/* Begin PBXTargetDependency section */
		C798947829514E560019324F /* PBXTargetDependency */ = {
			isa = PBXTargetDependency;
			target = C798947129514E560019324F /* MainKeyBoard */;
			targetProxy = C798947729514E560019324F /* PBXContainerItemProxy */;
		};
/* End PBXTargetDependency section */

/* Begin PBXVariantGroup section */
		38BD213F22D5908100C6795D /* LaunchScreen.storyboard */ = {
			isa = PBXVariantGroup;
			children = (
				38BD214022D5908100C6795D /* Base */,
			);
			name = LaunchScreen.storyboard;
			sourceTree = "<group>";
		};
/* End PBXVariantGroup section */

/* Begin XCBuildConfiguration section */
		38BD214322D5908100C6795D /* Debug */ = {
			isa = XCBuildConfiguration;
			buildSettings = {
				ALWAYS_SEARCH_USER_PATHS = NO;
				CLANG_ANALYZER_NONNULL = YES;
				CLANG_ANALYZER_NUMBER_OBJECT_CONVERSION = YES_AGGRESSIVE;
				CLANG_CXX_LANGUAGE_STANDARD = "gnu++14";
				CLANG_CXX_LIBRARY = "libc++";
				CLANG_ENABLE_MODULES = YES;
				CLANG_ENABLE_OBJC_ARC = YES;
				CLANG_ENABLE_OBJC_WEAK = YES;
				CLANG_WARN_BLOCK_CAPTURE_AUTORELEASING = YES;
				CLANG_WARN_BOOL_CONVERSION = YES;
				CLANG_WARN_COMMA = YES;
				CLANG_WARN_CONSTANT_CONVERSION = YES;
				CLANG_WARN_DEPRECATED_OBJC_IMPLEMENTATIONS = YES;
				CLANG_WARN_DIRECT_OBJC_ISA_USAGE = YES_ERROR;
				CLANG_WARN_DOCUMENTATION_COMMENTS = YES;
				CLANG_WARN_EMPTY_BODY = YES;
				CLANG_WARN_ENUM_CONVERSION = YES;
				CLANG_WARN_INFINITE_RECURSION = YES;
				CLANG_WARN_INT_CONVERSION = YES;
				CLANG_WARN_NON_LITERAL_NULL_CONVERSION = YES;
				CLANG_WARN_OBJC_IMPLICIT_RETAIN_SELF = YES;
				CLANG_WARN_OBJC_LITERAL_CONVERSION = YES;
				CLANG_WARN_OBJC_ROOT_CLASS = YES_ERROR;
				CLANG_WARN_QUOTED_INCLUDE_IN_FRAMEWORK_HEADER = YES;
				CLANG_WARN_RANGE_LOOP_ANALYSIS = YES;
				CLANG_WARN_STRICT_PROTOTYPES = YES;
				CLANG_WARN_SUSPICIOUS_MOVE = YES;
				CLANG_WARN_UNGUARDED_AVAILABILITY = YES_AGGRESSIVE;
				CLANG_WARN_UNREACHABLE_CODE = YES;
				CLANG_WARN__DUPLICATE_METHOD_MATCH = YES;
				CODE_SIGN_IDENTITY = "iPhone Developer";
				COPY_PHASE_STRIP = NO;
				DEBUG_INFORMATION_FORMAT = dwarf;
				ENABLE_STRICT_OBJC_MSGSEND = YES;
				ENABLE_TESTABILITY = YES;
				GCC_C_LANGUAGE_STANDARD = gnu11;
				GCC_DYNAMIC_NO_PIC = NO;
				GCC_NO_COMMON_BLOCKS = YES;
				GCC_OPTIMIZATION_LEVEL = 0;
				GCC_PREPROCESSOR_DEFINITIONS = (
					"DEBUG=1",
					"$(inherited)",
				);
				GCC_WARN_64_TO_32_BIT_CONVERSION = YES;
				GCC_WARN_ABOUT_RETURN_TYPE = YES_ERROR;
				GCC_WARN_UNDECLARED_SELECTOR = YES;
				GCC_WARN_UNINITIALIZED_AUTOS = YES_AGGRESSIVE;
				GCC_WARN_UNUSED_FUNCTION = YES;
				GCC_WARN_UNUSED_VARIABLE = YES;
				IPHONEOS_DEPLOYMENT_TARGET = 13.0;
				MTL_ENABLE_DEBUG_INFO = INCLUDE_SOURCE;
				MTL_FAST_MATH = YES;
				ONLY_ACTIVE_ARCH = YES;
				SDKROOT = iphoneos;
				SWIFT_ACTIVE_COMPILATION_CONDITIONS = DEBUG;
				SWIFT_OPTIMIZATION_LEVEL = "-Onone";
			};
			name = Debug;
		};
		38BD214422D5908100C6795D /* Release */ = {
			isa = XCBuildConfiguration;
			buildSettings = {
				ALWAYS_SEARCH_USER_PATHS = NO;
				CLANG_ANALYZER_NONNULL = YES;
				CLANG_ANALYZER_NUMBER_OBJECT_CONVERSION = YES_AGGRESSIVE;
				CLANG_CXX_LANGUAGE_STANDARD = "gnu++14";
				CLANG_CXX_LIBRARY = "libc++";
				CLANG_ENABLE_MODULES = YES;
				CLANG_ENABLE_OBJC_ARC = YES;
				CLANG_ENABLE_OBJC_WEAK = YES;
				CLANG_WARN_BLOCK_CAPTURE_AUTORELEASING = YES;
				CLANG_WARN_BOOL_CONVERSION = YES;
				CLANG_WARN_COMMA = YES;
				CLANG_WARN_CONSTANT_CONVERSION = YES;
				CLANG_WARN_DEPRECATED_OBJC_IMPLEMENTATIONS = YES;
				CLANG_WARN_DIRECT_OBJC_ISA_USAGE = YES_ERROR;
				CLANG_WARN_DOCUMENTATION_COMMENTS = YES;
				CLANG_WARN_EMPTY_BODY = YES;
				CLANG_WARN_ENUM_CONVERSION = YES;
				CLANG_WARN_INFINITE_RECURSION = YES;
				CLANG_WARN_INT_CONVERSION = YES;
				CLANG_WARN_NON_LITERAL_NULL_CONVERSION = YES;
				CLANG_WARN_OBJC_IMPLICIT_RETAIN_SELF = YES;
				CLANG_WARN_OBJC_LITERAL_CONVERSION = YES;
				CLANG_WARN_OBJC_ROOT_CLASS = YES_ERROR;
				CLANG_WARN_QUOTED_INCLUDE_IN_FRAMEWORK_HEADER = YES;
				CLANG_WARN_RANGE_LOOP_ANALYSIS = YES;
				CLANG_WARN_STRICT_PROTOTYPES = YES;
				CLANG_WARN_SUSPICIOUS_MOVE = YES;
				CLANG_WARN_UNGUARDED_AVAILABILITY = YES_AGGRESSIVE;
				CLANG_WARN_UNREACHABLE_CODE = YES;
				CLANG_WARN__DUPLICATE_METHOD_MATCH = YES;
				CODE_SIGN_IDENTITY = "iPhone Developer";
				COPY_PHASE_STRIP = NO;
				DEBUG_INFORMATION_FORMAT = "dwarf-with-dsym";
				ENABLE_NS_ASSERTIONS = NO;
				ENABLE_STRICT_OBJC_MSGSEND = YES;
				GCC_C_LANGUAGE_STANDARD = gnu11;
				GCC_NO_COMMON_BLOCKS = YES;
				GCC_WARN_64_TO_32_BIT_CONVERSION = YES;
				GCC_WARN_ABOUT_RETURN_TYPE = YES_ERROR;
				GCC_WARN_UNDECLARED_SELECTOR = YES;
				GCC_WARN_UNINITIALIZED_AUTOS = YES_AGGRESSIVE;
				GCC_WARN_UNUSED_FUNCTION = YES;
				GCC_WARN_UNUSED_VARIABLE = YES;
				IPHONEOS_DEPLOYMENT_TARGET = 13.0;
				MTL_ENABLE_DEBUG_INFO = NO;
				MTL_FAST_MATH = YES;
				SDKROOT = iphoneos;
				SWIFT_COMPILATION_MODE = wholemodule;
				SWIFT_OPTIMIZATION_LEVEL = "-O";
				VALIDATE_PRODUCT = YES;
			};
			name = Release;
		};
		38BD214622D5908100C6795D /* Debug */ = {
			isa = XCBuildConfiguration;
			buildSettings = {
				ALWAYS_EMBED_SWIFT_STANDARD_LIBRARIES = YES;
				ASSETCATALOG_COMPILER_APPICON_NAME = AppIcon;
				CODE_SIGN_ENTITLEMENTS = "Key-Board/Key-Board.entitlements";
				CODE_SIGN_IDENTITY = "Apple Development";
				CODE_SIGN_STYLE = Automatic;
				DEVELOPMENT_TEAM = ATJ9U3WZ27;
				INFOPLIST_FILE = "$(SRCROOT)/Key-Board/Info.plist";
				INFOPLIST_KEY_CFBundleDisplayName = "[Key: Board]";
				INFOPLIST_KEY_LSApplicationCategoryType = "public.app-category.productivity";
				IPHONEOS_DEPLOYMENT_TARGET = 13.0;
				LD_RUNPATH_SEARCH_PATHS = (
					"$(inherited)",
					"@executable_path/Frameworks",
				);
				MARKETING_VERSION = 1.0;
				PRODUCT_BUNDLE_IDENTIFIER = org.glintonliao;
				PRODUCT_NAME = "$(TARGET_NAME)";
				PROVISIONING_PROFILE_SPECIFIER = "";
				SUPPORTED_PLATFORMS = "iphoneos iphonesimulator";
				SUPPORTS_MACCATALYST = NO;
				SUPPORTS_MAC_DESIGNED_FOR_IPHONE_IPAD = NO;
				SWIFT_VERSION = 5.0;
				TARGETED_DEVICE_FAMILY = 1;
			};
			name = Debug;
		};
		38BD214722D5908100C6795D /* Release */ = {
			isa = XCBuildConfiguration;
			buildSettings = {
				ALWAYS_EMBED_SWIFT_STANDARD_LIBRARIES = YES;
				ASSETCATALOG_COMPILER_APPICON_NAME = AppIcon;
				CODE_SIGN_ENTITLEMENTS = "Key-Board/Key-Board.entitlements";
				CODE_SIGN_IDENTITY = "Apple Development";
				CODE_SIGN_STYLE = Automatic;
				DEVELOPMENT_TEAM = ATJ9U3WZ27;
				INFOPLIST_FILE = "$(SRCROOT)/Key-Board/Info.plist";
				INFOPLIST_KEY_CFBundleDisplayName = "[Key: Board]";
				INFOPLIST_KEY_LSApplicationCategoryType = "public.app-category.productivity";
				IPHONEOS_DEPLOYMENT_TARGET = 13.0;
				LD_RUNPATH_SEARCH_PATHS = (
					"$(inherited)",
					"@executable_path/Frameworks",
				);
				MARKETING_VERSION = 1.0;
				PRODUCT_BUNDLE_IDENTIFIER = org.glintonliao;
				PRODUCT_NAME = "$(TARGET_NAME)";
				PROVISIONING_PROFILE_SPECIFIER = "";
				SUPPORTED_PLATFORMS = "iphoneos iphonesimulator";
				SUPPORTS_MACCATALYST = NO;
				SUPPORTS_MAC_DESIGNED_FOR_IPHONE_IPAD = NO;
				SWIFT_VERSION = 5.0;
				TARGETED_DEVICE_FAMILY = 1;
			};
			name = Release;
		};
		C798947B29514E560019324F /* Debug */ = {
			isa = XCBuildConfiguration;
			buildSettings = {
				CLANG_CXX_LANGUAGE_STANDARD = "gnu++20";
				CODE_SIGN_IDENTITY = "Apple Development";
				CODE_SIGN_STYLE = Automatic;
				CURRENT_PROJECT_VERSION = 1;
				DEVELOPMENT_TEAM = ATJ9U3WZ27;
				GENERATE_INFOPLIST_FILE = YES;
				INFOPLIST_FILE = MainKeyBoard/Info.plist;
				INFOPLIST_KEY_CFBundleDisplayName = MainKeyBoard;
				INFOPLIST_KEY_NSHumanReadableCopyright = "";
				IPHONEOS_DEPLOYMENT_TARGET = 16.2;
				LD_RUNPATH_SEARCH_PATHS = (
					"$(inherited)",
					"@executable_path/Frameworks",
					"@executable_path/../../Frameworks",
				);
				MARKETING_VERSION = 1.0;
				PRODUCT_BUNDLE_IDENTIFIER = org.glintonliao.MainKeyBoard;
				PRODUCT_NAME = "$(TARGET_NAME)";
				SKIP_INSTALL = YES;
				SWIFT_EMIT_LOC_STRINGS = YES;
				SWIFT_VERSION = 5.0;
				TARGETED_DEVICE_FAMILY = "1,2";
			};
			name = Debug;
		};
		C798947C29514E560019324F /* Release */ = {
			isa = XCBuildConfiguration;
			buildSettings = {
				CLANG_CXX_LANGUAGE_STANDARD = "gnu++20";
				CODE_SIGN_IDENTITY = "Apple Development";
				CODE_SIGN_STYLE = Automatic;
				CURRENT_PROJECT_VERSION = 1;
				DEVELOPMENT_TEAM = ATJ9U3WZ27;
				GENERATE_INFOPLIST_FILE = YES;
				INFOPLIST_FILE = MainKeyBoard/Info.plist;
				INFOPLIST_KEY_CFBundleDisplayName = MainKeyBoard;
				INFOPLIST_KEY_NSHumanReadableCopyright = "";
				IPHONEOS_DEPLOYMENT_TARGET = 16.2;
				LD_RUNPATH_SEARCH_PATHS = (
					"$(inherited)",
					"@executable_path/Frameworks",
					"@executable_path/../../Frameworks",
				);
				MARKETING_VERSION = 1.0;
				PRODUCT_BUNDLE_IDENTIFIER = org.glintonliao.MainKeyBoard;
				PRODUCT_NAME = "$(TARGET_NAME)";
				SKIP_INSTALL = YES;
				SWIFT_EMIT_LOC_STRINGS = YES;
				SWIFT_VERSION = 5.0;
				TARGETED_DEVICE_FAMILY = "1,2";
			};
			name = Release;
		};
/* End XCBuildConfiguration section */

/* Begin XCConfigurationList section */
		38BD212B22D5907E00C6795D /* Build configuration list for PBXProject "Key-Board" */ = {
			isa = XCConfigurationList;
			buildConfigurations = (
				38BD214322D5908100C6795D /* Debug */,
				38BD214422D5908100C6795D /* Release */,
			);
			defaultConfigurationIsVisible = 0;
			defaultConfigurationName = Release;
		};
		38BD214522D5908100C6795D /* Build configuration list for PBXNativeTarget "Key-Board" */ = {
			isa = XCConfigurationList;
			buildConfigurations = (
				38BD214622D5908100C6795D /* Debug */,
				38BD214722D5908100C6795D /* Release */,
			);
			defaultConfigurationIsVisible = 0;
			defaultConfigurationName = Release;
		};
		C798947A29514E560019324F /* Build configuration list for PBXNativeTarget "MainKeyBoard" */ = {
			isa = XCConfigurationList;
			buildConfigurations = (
				C798947B29514E560019324F /* Debug */,
				C798947C29514E560019324F /* Release */,
			);
			defaultConfigurationIsVisible = 0;
			defaultConfigurationName = Release;
		};
/* End XCConfigurationList section */

/* Begin XCRemoteSwiftPackageReference section */
		D1542E8128F8D0A4006DA41F /* XCRemoteSwiftPackageReference "SwiftyJSON" */ = {
			isa = XCRemoteSwiftPackageReference;
			repositoryURL = "https://github.com/SwiftyJSON/SwiftyJSON";
			requirement = {
				branch = master;
				kind = branch;
			};
		};
/* End XCRemoteSwiftPackageReference section */

/* Begin XCSwiftPackageProductDependency section */
		C7989487295159020019324F /* SwiftyJSON */ = {
			isa = XCSwiftPackageProductDependency;
			package = D1542E8128F8D0A4006DA41F /* XCRemoteSwiftPackageReference "SwiftyJSON" */;
			productName = SwiftyJSON;
		};
		D1A3EEFD28F8DF1B00896C65 /* SwiftyJSON */ = {
			isa = XCSwiftPackageProductDependency;
			package = D1542E8128F8D0A4006DA41F /* XCRemoteSwiftPackageReference "SwiftyJSON" */;
			productName = SwiftyJSON;
		};
/* End XCSwiftPackageProductDependency section */
	};
	rootObject = 38BD212822D5907E00C6795D /* Project object */;
}
